
Microsoft Visual Studio Solution File, Format Version 12.00
# Visual Studio Version 16
VisualStudioVersion = 16.0.810.2
MinimumVisualStudioVersion = 10.0.40219.1
Project("{FAE04EC0-301F-11D3-BF4B-00C04F79EFBC}") = "projectTSPP", "projectTSPP.csproj", "{CF0F52C4-CBAE-4325-B0D3-F1BA247EFB51}"
EndProject
Global
	GlobalSection(SolutionConfigurationPlatforms) = preSolution
		Debug|anycpu = Debug|anycpu
		Release|anycpu = Release|anycpu
	EndGlobalSection
	GlobalSection(ProjectConfigurationPlatforms) = postSolution
		{CF0F52C4-CBAE-4325-B0D3-F1BA247EFB51}.Debug|anycpu.ActiveCfg = Debug|anycpu
		{CF0F52C4-CBAE-4325-B0D3-F1BA247EFB51}.Debug|anycpu.Build.0 = Debug|anycpu
		{CF0F52C4-CBAE-4325-B0D3-F1BA247EFB51}.Release|anycpu.ActiveCfg = Release|anycpu
		{CF0F52C4-CBAE-4325-B0D3-F1BA247EFB51}.Release|anycpu.Build.0 = Release|anycpu
	EndGlobalSection
	GlobalSection(SolutionProperties) = preSolution
		HideSolutionNode = FALSE
	EndGlobalSection
	GlobalSection(ExtensibilityGlobals) = postSolution
		SolutionGuid = {FFEBC1C7-0ACC-4999-98C0-7E2A8056A062}
	EndGlobalSection
EndGlobal
